// !$*UTF8*$!
{
	archiveVersion = 1;
	classes = {
	};
	objectVersion = 50;
	objects = {

/* Begin PBXBuildFile section */
		8721E2762687C98F00FEE142 /* TicTacToeGridCell.xib in Resources */ = {isa = PBXBuildFile; fileRef = 8721E2752687C98F00FEE142 /* TicTacToeGridCell.xib */; };
		8721E27B2687C9DD00FEE142 /* TicTacToeGridCell.swift in Sources */ = {isa = PBXBuildFile; fileRef = 8721E27A2687C9DD00FEE142 /* TicTacToeGridCell.swift */; };
		8721E2812687D18300FEE142 /* UIView+Extensions.swift in Sources */ = {isa = PBXBuildFile; fileRef = 8721E2802687D18300FEE142 /* UIView+Extensions.swift */; };
		87C7F04D268748E300977457 /* AppDelegate.swift in Sources */ = {isa = PBXBuildFile; fileRef = 87C7F04C268748E300977457 /* AppDelegate.swift */; };
		87C7F04F268748E300977457 /* SceneDelegate.swift in Sources */ = {isa = PBXBuildFile; fileRef = 87C7F04E268748E300977457 /* SceneDelegate.swift */; };
		87C7F054268748E300977457 /* Main.storyboard in Resources */ = {isa = PBXBuildFile; fileRef = 87C7F052268748E300977457 /* Main.storyboard */; };
		87C7F056268748E600977457 /* Assets.xcassets in Resources */ = {isa = PBXBuildFile; fileRef = 87C7F055268748E600977457 /* Assets.xcassets */; };
		87C7F059268748E600977457 /* LaunchScreen.storyboard in Resources */ = {isa = PBXBuildFile; fileRef = 87C7F057268748E600977457 /* LaunchScreen.storyboard */; };
		87C7F06F268748E600977457 /* TicTacToeUITests.swift in Sources */ = {isa = PBXBuildFile; fileRef = 87C7F06E268748E600977457 /* TicTacToeUITests.swift */; };
		87C7F08326874AA800977457 /* TicTacToeViewController.swift in Sources */ = {isa = PBXBuildFile; fileRef = 87C7F08226874AA800977457 /* TicTacToeViewController.swift */; };
		87C7F08B26874B0B00977457 /* TicTacToeViewModel.swift in Sources */ = {isa = PBXBuildFile; fileRef = 87C7F08A26874B0B00977457 /* TicTacToeViewModel.swift */; };
		87C7F09426874B5000977457 /* GameEngine.swift in Sources */ = {isa = PBXBuildFile; fileRef = 87C7F09326874B5000977457 /* GameEngine.swift */; };
		87C7F0A22687513100977457 /* TicTacToeGameEngineTests.swift in Sources */ = {isa = PBXBuildFile; fileRef = 87C7F0A12687513100977457 /* TicTacToeGameEngineTests.swift */; };
		87C7F0AA268754CD00977457 /* TicTacToeType.swift in Sources */ = {isa = PBXBuildFile; fileRef = 87C7F0A9268754CD00977457 /* TicTacToeType.swift */; };
		87C7F0AF268755A300977457 /* GameResult.swift in Sources */ = {isa = PBXBuildFile; fileRef = 87C7F0AE268755A300977457 /* GameResult.swift */; };
		87EDEF622687A22600F93087 /* TicTacToeViewModelTests.swift in Sources */ = {isa = PBXBuildFile; fileRef = 87EDEF612687A22600F93087 /* TicTacToeViewModelTests.swift */; };
/* End PBXBuildFile section */

/* Begin PBXContainerItemProxy section */
		87C7F060268748E600977457 /* PBXContainerItemProxy */ = {
			isa = PBXContainerItemProxy;
			containerPortal = 87C7F041268748E300977457 /* Project object */;
			proxyType = 1;
			remoteGlobalIDString = 87C7F048268748E300977457;
			remoteInfo = TicTacToe;
		};
		87C7F06B268748E600977457 /* PBXContainerItemProxy */ = {
			isa = PBXContainerItemProxy;
			containerPortal = 87C7F041268748E300977457 /* Project object */;
			proxyType = 1;
			remoteGlobalIDString = 87C7F048268748E300977457;
			remoteInfo = TicTacToe;
		};
/* End PBXContainerItemProxy section */

/* Begin PBXFileReference section */
		8721E2752687C98F00FEE142 /* TicTacToeGridCell.xib */ = {isa = PBXFileReference; lastKnownFileType = file.xib; path = TicTacToeGridCell.xib; sourceTree = "<group>"; };
		8721E27A2687C9DD00FEE142 /* TicTacToeGridCell.swift */ = {isa = PBXFileReference; lastKnownFileType = sourcecode.swift; path = TicTacToeGridCell.swift; sourceTree = "<group>"; };
		8721E2802687D18300FEE142 /* UIView+Extensions.swift */ = {isa = PBXFileReference; lastKnownFileType = sourcecode.swift; path = "UIView+Extensions.swift"; sourceTree = "<group>"; };
		87C7F049268748E300977457 /* TicTacToe.app */ = {isa = PBXFileReference; explicitFileType = wrapper.application; includeInIndex = 0; path = TicTacToe.app; sourceTree = BUILT_PRODUCTS_DIR; };
		87C7F04C268748E300977457 /* AppDelegate.swift */ = {isa = PBXFileReference; lastKnownFileType = sourcecode.swift; path = AppDelegate.swift; sourceTree = "<group>"; };
		87C7F04E268748E300977457 /* SceneDelegate.swift */ = {isa = PBXFileReference; lastKnownFileType = sourcecode.swift; path = SceneDelegate.swift; sourceTree = "<group>"; };
		87C7F053268748E300977457 /* Base */ = {isa = PBXFileReference; lastKnownFileType = file.storyboard; name = Base; path = Base.lproj/Main.storyboard; sourceTree = "<group>"; };
		87C7F055268748E600977457 /* Assets.xcassets */ = {isa = PBXFileReference; lastKnownFileType = folder.assetcatalog; path = Assets.xcassets; sourceTree = "<group>"; };
		87C7F058268748E600977457 /* Base */ = {isa = PBXFileReference; lastKnownFileType = file.storyboard; name = Base; path = Base.lproj/LaunchScreen.storyboard; sourceTree = "<group>"; };
		87C7F05A268748E600977457 /* Info.plist */ = {isa = PBXFileReference; lastKnownFileType = text.plist.xml; path = Info.plist; sourceTree = "<group>"; };
		87C7F05F268748E600977457 /* TicTacToeTests.xctest */ = {isa = PBXFileReference; explicitFileType = wrapper.cfbundle; includeInIndex = 0; path = TicTacToeTests.xctest; sourceTree = BUILT_PRODUCTS_DIR; };
		87C7F065268748E600977457 /* Info.plist */ = {isa = PBXFileReference; lastKnownFileType = text.plist.xml; path = Info.plist; sourceTree = "<group>"; };
		87C7F06A268748E600977457 /* TicTacToeUITests.xctest */ = {isa = PBXFileReference; explicitFileType = wrapper.cfbundle; includeInIndex = 0; path = TicTacToeUITests.xctest; sourceTree = BUILT_PRODUCTS_DIR; };
		87C7F06E268748E600977457 /* TicTacToeUITests.swift */ = {isa = PBXFileReference; lastKnownFileType = sourcecode.swift; path = TicTacToeUITests.swift; sourceTree = "<group>"; };
		87C7F070268748E600977457 /* Info.plist */ = {isa = PBXFileReference; lastKnownFileType = text.plist.xml; path = Info.plist; sourceTree = "<group>"; };
		87C7F08226874AA800977457 /* TicTacToeViewController.swift */ = {isa = PBXFileReference; lastKnownFileType = sourcecode.swift; path = TicTacToeViewController.swift; sourceTree = "<group>"; };
		87C7F08A26874B0B00977457 /* TicTacToeViewModel.swift */ = {isa = PBXFileReference; lastKnownFileType = sourcecode.swift; path = TicTacToeViewModel.swift; sourceTree = "<group>"; };
		87C7F09326874B5000977457 /* GameEngine.swift */ = {isa = PBXFileReference; lastKnownFileType = sourcecode.swift; path = GameEngine.swift; sourceTree = "<group>"; };
		87C7F0A12687513100977457 /* TicTacToeGameEngineTests.swift */ = {isa = PBXFileReference; lastKnownFileType = sourcecode.swift; path = TicTacToeGameEngineTests.swift; sourceTree = "<group>"; };
		87C7F0A9268754CD00977457 /* TicTacToeType.swift */ = {isa = PBXFileReference; lastKnownFileType = sourcecode.swift; path = TicTacToeType.swift; sourceTree = "<group>"; };
		87C7F0AE268755A300977457 /* GameResult.swift */ = {isa = PBXFileReference; lastKnownFileType = sourcecode.swift; path = GameResult.swift; sourceTree = "<group>"; };
		87EDEF612687A22600F93087 /* TicTacToeViewModelTests.swift */ = {isa = PBXFileReference; lastKnownFileType = sourcecode.swift; path = TicTacToeViewModelTests.swift; sourceTree = "<group>"; };
/* End PBXFileReference section */

/* Begin PBXFrameworksBuildPhase section */
		87C7F046268748E300977457 /* Frameworks */ = {
			isa = PBXFrameworksBuildPhase;
			buildActionMask = 2147483647;
			files = (
			);
			runOnlyForDeploymentPostprocessing = 0;
		};
		87C7F05C268748E600977457 /* Frameworks */ = {
			isa = PBXFrameworksBuildPhase;
			buildActionMask = 2147483647;
			files = (
			);
			runOnlyForDeploymentPostprocessing = 0;
		};
		87C7F067268748E600977457 /* Frameworks */ = {
			isa = PBXFrameworksBuildPhase;
			buildActionMask = 2147483647;
			files = (
			);
			runOnlyForDeploymentPostprocessing = 0;
		};
/* End PBXFrameworksBuildPhase section */

/* Begin PBXGroup section */
		8721E2712687C94500FEE142 /* Reusable */ = {
			isa = PBXGroup;
			children = (
				8721E2752687C98F00FEE142 /* TicTacToeGridCell.xib */,
				8721E27A2687C9DD00FEE142 /* TicTacToeGridCell.swift */,
			);
			path = Reusable;
			sourceTree = "<group>";
		};
		8721E27F2687D17200FEE142 /* Extensions */ = {
			isa = PBXGroup;
			children = (
				8721E2802687D18300FEE142 /* UIView+Extensions.swift */,
			);
			path = Extensions;
			sourceTree = "<group>";
		};
		87C7F040268748E300977457 = {
			isa = PBXGroup;
			children = (
				87C7F04B268748E300977457 /* TicTacToe */,
				87C7F062268748E600977457 /* TicTacToeTests */,
				87C7F06D268748E600977457 /* TicTacToeUITests */,
				87C7F04A268748E300977457 /* Products */,
			);
			sourceTree = "<group>";
		};
		87C7F04A268748E300977457 /* Products */ = {
			isa = PBXGroup;
			children = (
				87C7F049268748E300977457 /* TicTacToe.app */,
				87C7F05F268748E600977457 /* TicTacToeTests.xctest */,
				87C7F06A268748E600977457 /* TicTacToeUITests.xctest */,
			);
			name = Products;
			sourceTree = "<group>";
		};
		87C7F04B268748E300977457 /* TicTacToe */ = {
			isa = PBXGroup;
			children = (
				8721E27F2687D17200FEE142 /* Extensions */,
				8721E2712687C94500FEE142 /* Reusable */,
				87C7F09226874B1200977457 /* TicTacToe */,
				87C7F04C268748E300977457 /* AppDelegate.swift */,
				87C7F04E268748E300977457 /* SceneDelegate.swift */,
				87C7F052268748E300977457 /* Main.storyboard */,
				87C7F055268748E600977457 /* Assets.xcassets */,
				87C7F057268748E600977457 /* LaunchScreen.storyboard */,
				87C7F05A268748E600977457 /* Info.plist */,
			);
			path = TicTacToe;
			sourceTree = "<group>";
		};
		87C7F062268748E600977457 /* TicTacToeTests */ = {
			isa = PBXGroup;
			children = (
				87C7F065268748E600977457 /* Info.plist */,
				87C7F0A12687513100977457 /* TicTacToeGameEngineTests.swift */,
				87EDEF612687A22600F93087 /* TicTacToeViewModelTests.swift */,
			);
			path = TicTacToeTests;
			sourceTree = "<group>";
		};
		87C7F06D268748E600977457 /* TicTacToeUITests */ = {
			isa = PBXGroup;
			children = (
				87C7F06E268748E600977457 /* TicTacToeUITests.swift */,
				87C7F070268748E600977457 /* Info.plist */,
			);
			path = TicTacToeUITests;
			sourceTree = "<group>";
		};
		87C7F09226874B1200977457 /* TicTacToe */ = {
			isa = PBXGroup;
			children = (
				87C7F08A26874B0B00977457 /* TicTacToeViewModel.swift */,
				87C7F08226874AA800977457 /* TicTacToeViewController.swift */,
				87C7F09326874B5000977457 /* GameEngine.swift */,
				87C7F0A9268754CD00977457 /* TicTacToeType.swift */,
				87C7F0AE268755A300977457 /* GameResult.swift */,
			);
			path = TicTacToe;
			sourceTree = "<group>";
		};
/* End PBXGroup section */

/* Begin PBXNativeTarget section */
		87C7F048268748E300977457 /* TicTacToe */ = {
			isa = PBXNativeTarget;
			buildConfigurationList = 87C7F073268748E600977457 /* Build configuration list for PBXNativeTarget "TicTacToe" */;
			buildPhases = (
				87C7F045268748E300977457 /* Sources */,
				87C7F046268748E300977457 /* Frameworks */,
				87C7F047268748E300977457 /* Resources */,
			);
			buildRules = (
			);
			dependencies = (
			);
			name = TicTacToe;
			productName = TicTacToe;
			productReference = 87C7F049268748E300977457 /* TicTacToe.app */;
			productType = "com.apple.product-type.application";
		};
		87C7F05E268748E600977457 /* TicTacToeTests */ = {
			isa = PBXNativeTarget;
			buildConfigurationList = 87C7F076268748E600977457 /* Build configuration list for PBXNativeTarget "TicTacToeTests" */;
			buildPhases = (
				87C7F05B268748E600977457 /* Sources */,
				87C7F05C268748E600977457 /* Frameworks */,
				87C7F05D268748E600977457 /* Resources */,
			);
			buildRules = (
			);
			dependencies = (
				87C7F061268748E600977457 /* PBXTargetDependency */,
			);
			name = TicTacToeTests;
			productName = TicTacToeTests;
			productReference = 87C7F05F268748E600977457 /* TicTacToeTests.xctest */;
			productType = "com.apple.product-type.bundle.unit-test";
		};
		87C7F069268748E600977457 /* TicTacToeUITests */ = {
			isa = PBXNativeTarget;
			buildConfigurationList = 87C7F079268748E600977457 /* Build configuration list for PBXNativeTarget "TicTacToeUITests" */;
			buildPhases = (
				87C7F066268748E600977457 /* Sources */,
				87C7F067268748E600977457 /* Frameworks */,
				87C7F068268748E600977457 /* Resources */,
			);
			buildRules = (
			);
			dependencies = (
				87C7F06C268748E600977457 /* PBXTargetDependency */,
			);
			name = TicTacToeUITests;
			productName = TicTacToeUITests;
			productReference = 87C7F06A268748E600977457 /* TicTacToeUITests.xctest */;
			productType = "com.apple.product-type.bundle.ui-testing";
		};
/* End PBXNativeTarget section */

/* Begin PBXProject section */
		87C7F041268748E300977457 /* Project object */ = {
			isa = PBXProject;
			attributes = {
				LastSwiftUpdateCheck = 1240;
				LastUpgradeCheck = 1240;
				TargetAttributes = {
					87C7F048268748E300977457 = {
						CreatedOnToolsVersion = 12.4;
					};
					87C7F05E268748E600977457 = {
						CreatedOnToolsVersion = 12.4;
						TestTargetID = 87C7F048268748E300977457;
					};
					87C7F069268748E600977457 = {
						CreatedOnToolsVersion = 12.4;
						TestTargetID = 87C7F048268748E300977457;
					};
				};
			};
			buildConfigurationList = 87C7F044268748E300977457 /* Build configuration list for PBXProject "TicTacToe" */;
			compatibilityVersion = "Xcode 9.3";
			developmentRegion = en;
			hasScannedForEncodings = 0;
			knownRegions = (
				en,
				Base,
			);
			mainGroup = 87C7F040268748E300977457;
			productRefGroup = 87C7F04A268748E300977457 /* Products */;
			projectDirPath = "";
			projectRoot = "";
			targets = (
				87C7F048268748E300977457 /* TicTacToe */,
				87C7F05E268748E600977457 /* TicTacToeTests */,
				87C7F069268748E600977457 /* TicTacToeUITests */,
			);
		};
/* End PBXProject section */

/* Begin PBXResourcesBuildPhase section */
		87C7F047268748E300977457 /* Resources */ = {
			isa = PBXResourcesBuildPhase;
			buildActionMask = 2147483647;
			files = (
				8721E2762687C98F00FEE142 /* TicTacToeGridCell.xib in Resources */,
				87C7F059268748E600977457 /* LaunchScreen.storyboard in Resources */,
				87C7F056268748E600977457 /* Assets.xcassets in Resources */,
				87C7F054268748E300977457 /* Main.storyboard in Resources */,
			);
			runOnlyForDeploymentPostprocessing = 0;
		};
		87C7F05D268748E600977457 /* Resources */ = {
			isa = PBXResourcesBuildPhase;
			buildActionMask = 2147483647;
			files = (
			);
			runOnlyForDeploymentPostprocessing = 0;
		};
		87C7F068268748E600977457 /* Resources */ = {
			isa = PBXResourcesBuildPhase;
			buildActionMask = 2147483647;
			files = (
			);
			runOnlyForDeploymentPostprocessing = 0;
		};
/* End PBXResourcesBuildPhase section */

/* Begin PBXSourcesBuildPhase section */
		87C7F045268748E300977457 /* Sources */ = {
			isa = PBXSourcesBuildPhase;
			buildActionMask = 2147483647;
			files = (
				8721E27B2687C9DD00FEE142 /* TicTacToeGridCell.swift in Sources */,
				87C7F09426874B5000977457 /* GameEngine.swift in Sources */,
				87C7F0AF268755A300977457 /* GameResult.swift in Sources */,
				8721E2812687D18300FEE142 /* UIView+Extensions.swift in Sources */,
				87C7F04D268748E300977457 /* AppDelegate.swift in Sources */,
				87C7F0AA268754CD00977457 /* TicTacToeType.swift in Sources */,
				87C7F04F268748E300977457 /* SceneDelegate.swift in Sources */,
				87C7F08326874AA800977457 /* TicTacToeViewController.swift in Sources */,
				87C7F08B26874B0B00977457 /* TicTacToeViewModel.swift in Sources */,
			);
			runOnlyForDeploymentPostprocessing = 0;
		};
		87C7F05B268748E600977457 /* Sources */ = {
			isa = PBXSourcesBuildPhase;
			buildActionMask = 2147483647;
			files = (
				87C7F0A22687513100977457 /* TicTacToeGameEngineTests.swift in Sources */,
				87EDEF622687A22600F93087 /* TicTacToeViewModelTests.swift in Sources */,
			);
			runOnlyForDeploymentPostprocessing = 0;
		};
		87C7F066268748E600977457 /* Sources */ = {
			isa = PBXSourcesBuildPhase;
			buildActionMask = 2147483647;
			files = (
				87C7F06F268748E600977457 /* TicTacToeUITests.swift in Sources */,
			);
			runOnlyForDeploymentPostprocessing = 0;
		};
/* End PBXSourcesBuildPhase section */

/* Begin PBXTargetDependency section */
		87C7F061268748E600977457 /* PBXTargetDependency */ = {
			isa = PBXTargetDependency;
			target = 87C7F048268748E300977457 /* TicTacToe */;
			targetProxy = 87C7F060268748E600977457 /* PBXContainerItemProxy */;
		};
		87C7F06C268748E600977457 /* PBXTargetDependency */ = {
			isa = PBXTargetDependency;
			target = 87C7F048268748E300977457 /* TicTacToe */;
			targetProxy = 87C7F06B268748E600977457 /* PBXContainerItemProxy */;
		};
/* End PBXTargetDependency section */

/* Begin PBXVariantGroup section */
		87C7F052268748E300977457 /* Main.storyboard */ = {
			isa = PBXVariantGroup;
			children = (
				87C7F053268748E300977457 /* Base */,
			);
			name = Main.storyboard;
			sourceTree = "<group>";
		};
		87C7F057268748E600977457 /* LaunchScreen.storyboard */ = {
			isa = PBXVariantGroup;
			children = (
				87C7F058268748E600977457 /* Base */,
			);
			name = LaunchScreen.storyboard;
			sourceTree = "<group>";
		};
/* End PBXVariantGroup section */

/* Begin XCBuildConfiguration section */
		87C7F071268748E600977457 /* Debug */ = {
			isa = XCBuildConfiguration;
			buildSettings = {
				ALWAYS_SEARCH_USER_PATHS = NO;
				CLANG_ANALYZER_NONNULL = YES;
				CLANG_ANALYZER_NUMBER_OBJECT_CONVERSION = YES_AGGRESSIVE;
				CLANG_CXX_LANGUAGE_STANDARD = "gnu++14";
				CLANG_CXX_LIBRARY = "libc++";
				CLANG_ENABLE_MODULES = YES;
				CLANG_ENABLE_OBJC_ARC = YES;
				CLANG_ENABLE_OBJC_WEAK = YES;
				CLANG_WARN_BLOCK_CAPTURE_AUTORELEASING = YES;
				CLANG_WARN_BOOL_CONVERSION = YES;
				CLANG_WARN_COMMA = YES;
				CLANG_WARN_CONSTANT_CONVERSION = YES;
				CLANG_WARN_DEPRECATED_OBJC_IMPLEMENTATIONS = YES;
				CLANG_WARN_DIRECT_OBJC_ISA_USAGE = YES_ERROR;
				CLANG_WARN_DOCUMENTATION_COMMENTS = YES;
				CLANG_WARN_EMPTY_BODY = YES;
				CLANG_WARN_ENUM_CONVERSION = YES;
				CLANG_WARN_INFINITE_RECURSION = YES;
				CLANG_WARN_INT_CONVERSION = YES;
				CLANG_WARN_NON_LITERAL_NULL_CONVERSION = YES;
				CLANG_WARN_OBJC_IMPLICIT_RETAIN_SELF = YES;
				CLANG_WARN_OBJC_LITERAL_CONVERSION = YES;
				CLANG_WARN_OBJC_ROOT_CLASS = YES_ERROR;
				CLANG_WARN_QUOTED_INCLUDE_IN_FRAMEWORK_HEADER = YES;
				CLANG_WARN_RANGE_LOOP_ANALYSIS = YES;
				CLANG_WARN_STRICT_PROTOTYPES = YES;
				CLANG_WARN_SUSPICIOUS_MOVE = YES;
				CLANG_WARN_UNGUARDED_AVAILABILITY = YES_AGGRESSIVE;
				CLANG_WARN_UNREACHABLE_CODE = YES;
				CLANG_WARN__DUPLICATE_METHOD_MATCH = YES;
				COPY_PHASE_STRIP = NO;
				DEBUG_INFORMATION_FORMAT = dwarf;
				ENABLE_STRICT_OBJC_MSGSEND = YES;
				ENABLE_TESTABILITY = YES;
				GCC_C_LANGUAGE_STANDARD = gnu11;
				GCC_DYNAMIC_NO_PIC = NO;
				GCC_NO_COMMON_BLOCKS = YES;
				GCC_OPTIMIZATION_LEVEL = 0;
				GCC_PREPROCESSOR_DEFINITIONS = (
					"DEBUG=1",
					"$(inherited)",
				);
				GCC_WARN_64_TO_32_BIT_CONVERSION = YES;
				GCC_WARN_ABOUT_RETURN_TYPE = YES_ERROR;
				GCC_WARN_UNDECLARED_SELECTOR = YES;
				GCC_WARN_UNINITIALIZED_AUTOS = YES_AGGRESSIVE;
				GCC_WARN_UNUSED_FUNCTION = YES;
				GCC_WARN_UNUSED_VARIABLE = YES;
				IPHONEOS_DEPLOYMENT_TARGET = 14.4;
				MTL_ENABLE_DEBUG_INFO = INCLUDE_SOURCE;
				MTL_FAST_MATH = YES;
				ONLY_ACTIVE_ARCH = YES;
				SDKROOT = iphoneos;
				SWIFT_ACTIVE_COMPILATION_CONDITIONS = DEBUG;
				SWIFT_OPTIMIZATION_LEVEL = "-Onone";
			};
			name = Debug;
		};
		87C7F072268748E600977457 /* Release */ = {
			isa = XCBuildConfiguration;
			buildSettings = {
				ALWAYS_SEARCH_USER_PATHS = NO;
				CLANG_ANALYZER_NONNULL = YES;
				CLANG_ANALYZER_NUMBER_OBJECT_CONVERSION = YES_AGGRESSIVE;
				CLANG_CXX_LANGUAGE_STANDARD = "gnu++14";
				CLANG_CXX_LIBRARY = "libc++";
				CLANG_ENABLE_MODULES = YES;
				CLANG_ENABLE_OBJC_ARC = YES;
				CLANG_ENABLE_OBJC_WEAK = YES;
				CLANG_WARN_BLOCK_CAPTURE_AUTORELEASING = YES;
				CLANG_WARN_BOOL_CONVERSION = YES;
				CLANG_WARN_COMMA = YES;
				CLANG_WARN_CONSTANT_CONVERSION = YES;
				CLANG_WARN_DEPRECATED_OBJC_IMPLEMENTATIONS = YES;
				CLANG_WARN_DIRECT_OBJC_ISA_USAGE = YES_ERROR;
				CLANG_WARN_DOCUMENTATION_COMMENTS = YES;
				CLANG_WARN_EMPTY_BODY = YES;
				CLANG_WARN_ENUM_CONVERSION = YES;
				CLANG_WARN_INFINITE_RECURSION = YES;
				CLANG_WARN_INT_CONVERSION = YES;
				CLANG_WARN_NON_LITERAL_NULL_CONVERSION = YES;
				CLANG_WARN_OBJC_IMPLICIT_RETAIN_SELF = YES;
				CLANG_WARN_OBJC_LITERAL_CONVERSION = YES;
				CLANG_WARN_OBJC_ROOT_CLASS = YES_ERROR;
				CLANG_WARN_QUOTED_INCLUDE_IN_FRAMEWORK_HEADER = YES;
				CLANG_WARN_RANGE_LOOP_ANALYSIS = YES;
				CLANG_WARN_STRICT_PROTOTYPES = YES;
				CLANG_WARN_SUSPICIOUS_MOVE = YES;
				CLANG_WARN_UNGUARDED_AVAILABILITY = YES_AGGRESSIVE;
				CLANG_WARN_UNREACHABLE_CODE = YES;
				CLANG_WARN__DUPLICATE_METHOD_MATCH = YES;
				COPY_PHASE_STRIP = NO;
				DEBUG_INFORMATION_FORMAT = "dwarf-with-dsym";
				ENABLE_NS_ASSERTIONS = NO;
				ENABLE_STRICT_OBJC_MSGSEND = YES;
				GCC_C_LANGUAGE_STANDARD = gnu11;
				GCC_NO_COMMON_BLOCKS = YES;
				GCC_WARN_64_TO_32_BIT_CONVERSION = YES;
				GCC_WARN_ABOUT_RETURN_TYPE = YES_ERROR;
				GCC_WARN_UNDECLARED_SELECTOR = YES;
				GCC_WARN_UNINITIALIZED_AUTOS = YES_AGGRESSIVE;
				GCC_WARN_UNUSED_FUNCTION = YES;
				GCC_WARN_UNUSED_VARIABLE = YES;
				IPHONEOS_DEPLOYMENT_TARGET = 14.4;
				MTL_ENABLE_DEBUG_INFO = NO;
				MTL_FAST_MATH = YES;
				SDKROOT = iphoneos;
				SWIFT_COMPILATION_MODE = wholemodule;
				SWIFT_OPTIMIZATION_LEVEL = "-O";
				VALIDATE_PRODUCT = YES;
			};
			name = Release;
		};
		87C7F074268748E600977457 /* Debug */ = {
			isa = XCBuildConfiguration;
			buildSettings = {
				ASSETCATALOG_COMPILER_APPICON_NAME = AppIcon;
				ASSETCATALOG_COMPILER_GLOBAL_ACCENT_COLOR_NAME = AccentColor;
				CODE_SIGN_STYLE = Automatic;
				INFOPLIST_FILE = TicTacToe/Info.plist;
				LD_RUNPATH_SEARCH_PATHS = (
					"$(inherited)",
					"@executable_path/Frameworks",
				);
				PRODUCT_BUNDLE_IDENTIFIER = com.TicTacToe;
				PRODUCT_NAME = "$(TARGET_NAME)";
				SWIFT_VERSION = 5.0;
				TARGETED_DEVICE_FAMILY = 1;
			};
			name = Debug;
		};
		87C7F075268748E600977457 /* Release */ = {
			isa = XCBuildConfiguration;
			buildSettings = {
				ASSETCATALOG_COMPILER_APPICON_NAME = AppIcon;
				ASSETCATALOG_COMPILER_GLOBAL_ACCENT_COLOR_NAME = AccentColor;
				CODE_SIGN_STYLE = Automatic;
				INFOPLIST_FILE = TicTacToe/Info.plist;
				LD_RUNPATH_SEARCH_PATHS = (
					"$(inherited)",
					"@executable_path/Frameworks",
				);
				PRODUCT_BUNDLE_IDENTIFIER = com.TicTacToe;
				PRODUCT_NAME = "$(TARGET_NAME)";
				SWIFT_VERSION = 5.0;
				TARGETED_DEVICE_FAMILY = 1;
			};
			name = Release;
		};
		87C7F077268748E600977457 /* Debug */ = {
			isa = XCBuildConfiguration;
			buildSettings = {
				ALWAYS_EMBED_SWIFT_STANDARD_LIBRARIES = YES;
				BUNDLE_LOADER = "$(TEST_HOST)";
				CODE_SIGN_STYLE = Automatic;
				INFOPLIST_FILE = TicTacToeTests/Info.plist;
				IPHONEOS_DEPLOYMENT_TARGET = 14.4;
				LD_RUNPATH_SEARCH_PATHS = (
					"$(inherited)",
					"@executable_path/Frameworks",
					"@loader_path/Frameworks",
				);
				PRODUCT_BUNDLE_IDENTIFIER = com.TicTacToeTests;
				PRODUCT_NAME = "$(TARGET_NAME)";
				SWIFT_VERSION = 5.0;
				TARGETED_DEVICE_FAMILY = "1,2";
				TEST_HOST = "$(BUILT_PRODUCTS_DIR)/TicTacToe.app/TicTacToe";
			};
			name = Debug;
		};
		87C7F078268748E600977457 /* Release */ = {
			isa = XCBuildConfiguration;
			buildSettings = {
				ALWAYS_EMBED_SWIFT_STANDARD_LIBRARIES = YES;
				BUNDLE_LOADER = "$(TEST_HOST)";
				CODE_SIGN_STYLE = Automatic;
				INFOPLIST_FILE = TicTacToeTests/Info.plist;
				IPHONEOS_DEPLOYMENT_TARGET = 14.4;
				LD_RUNPATH_SEARCH_PATHS = (
					"$(inherited)",
					"@executable_path/Frameworks",
					"@loader_path/Frameworks",
				);
				PRODUCT_BUNDLE_IDENTIFIER = com.TicTacToeTests;
				PRODUCT_NAME = "$(TARGET_NAME)";
				SWIFT_VERSION = 5.0;
				TARGETED_DEVICE_FAMILY = "1,2";
				TEST_HOST = "$(BUILT_PRODUCTS_DIR)/TicTacToe.app/TicTacToe";
			};
			name = Release;
		};
		87C7F07A268748E600977457 /* Debug */ = {
			isa = XCBuildConfiguration;
			buildSettings = {
				ALWAYS_EMBED_SWIFT_STANDARD_LIBRARIES = YES;
				CODE_SIGN_STYLE = Automatic;
				INFOPLIST_FILE = TicTacToeUITests/Info.plist;
				LD_RUNPATH_SEARCH_PATHS = (
					"$(inherited)",
					"@executable_path/Frameworks",
					"@loader_path/Frameworks",
				);
				PRODUCT_BUNDLE_IDENTIFIER = com.TicTacToeUITests;
				PRODUCT_NAME = "$(TARGET_NAME)";
				SWIFT_VERSION = 5.0;
				TARGETED_DEVICE_FAMILY = "1,2";
				TEST_TARGET_NAME = TicTacToe;
			};
			name = Debug;
		};
		87C7F07B268748E600977457 /* Release */ = {
			isa = XCBuildConfiguration;
			buildSettings = {
				ALWAYS_EMBED_SWIFT_STANDARD_LIBRARIES = YES;
				CODE_SIGN_STYLE = Automatic;
				INFOPLIST_FILE = TicTacToeUITests/Info.plist;
				LD_RUNPATH_SEARCH_PATHS = (
					"$(inherited)",
					"@executable_path/Frameworks",
					"@loader_path/Frameworks",
				);
				PRODUCT_BUNDLE_IDENTIFIER = com.TicTacToeUITests;
				PRODUCT_NAME = "$(TARGET_NAME)";
				SWIFT_VERSION = 5.0;
				TARGETED_DEVICE_FAMILY = "1,2";
				TEST_TARGET_NAME = TicTacToe;
			};
			name = Release;
		};
/* End XCBuildConfiguration section */

/* Begin XCConfigurationList section */
		87C7F044268748E300977457 /* Build configuration list for PBXProject "TicTacToe" */ = {
			isa = XCConfigurationList;
			buildConfigurations = (
				87C7F071268748E600977457 /* Debug */,
				87C7F072268748E600977457 /* Release */,
			);
			defaultConfigurationIsVisible = 0;
			defaultConfigurationName = Release;
		};
		87C7F073268748E600977457 /* Build configuration list for PBXNativeTarget "TicTacToe" */ = {
			isa = XCConfigurationList;
			buildConfigurations = (
				87C7F074268748E600977457 /* Debug */,
				87C7F075268748E600977457 /* Release */,
			);
			defaultConfigurationIsVisible = 0;
			defaultConfigurationName = Release;
		};
		87C7F076268748E600977457 /* Build configuration list for PBXNativeTarget "TicTacToeTests" */ = {
			isa = XCConfigurationList;
			buildConfigurations = (
				87C7F077268748E600977457 /* Debug */,
				87C7F078268748E600977457 /* Release */,
			);
			defaultConfigurationIsVisible = 0;
			defaultConfigurationName = Release;
		};
		87C7F079268748E600977457 /* Build configuration list for PBXNativeTarget "TicTacToeUITests" */ = {
			isa = XCConfigurationList;
			buildConfigurations = (
				87C7F07A268748E600977457 /* Debug */,
				87C7F07B268748E600977457 /* Release */,
			);
			defaultConfigurationIsVisible = 0;
			defaultConfigurationName = Release;
		};
/* End XCConfigurationList section */
	};
	rootObject = 87C7F041268748E300977457 /* Project object */;
}
